
Microsoft Visual Studio Solution File, Format Version 12.00
Project("{FAE04EC0-301F-11D3-BF4B-00C04F79EFBC}") = "MVC-trail", "MVC-trail\MVC-trail.csproj", "{242F0F09-8875-44AF-A3FF-5326B32FA7F2}"
EndProject
Global
	GlobalSection(SolutionConfigurationPlatforms) = preSolution
		Debug|Any CPU = Debug|Any CPU
		Release|Any CPU = Release|Any CPU
	EndGlobalSection
	GlobalSection(ProjectConfigurationPlatforms) = postSolution
		{242F0F09-8875-44AF-A3FF-5326B32FA7F2}.Debug|Any CPU.ActiveCfg = Debug|Any CPU
		{242F0F09-8875-44AF-A3FF-5326B32FA7F2}.Debug|Any CPU.Build.0 = Debug|Any CPU
		{242F0F09-8875-44AF-A3FF-5326B32FA7F2}.Release|Any CPU.ActiveCfg = Release|Any CPU
		{242F0F09-8875-44AF-A3FF-5326B32FA7F2}.Release|Any CPU.Build.0 = Release|Any CPU
	EndGlobalSection
EndGlobal
