
Microsoft Visual Studio Solution File, Format Version 12.00
# Visual Studio Version 17
VisualStudioVersion = 17.11.35312.102
MinimumVisualStudioVersion = 10.0.40219.1
Project("{FAE04EC0-301F-11D3-BF4B-00C04F79EFBC}") = "Lab02_new", "Lab02_new.csproj", "{91EB4901-2779-4CA2-83A2-4F967C18495E}"
EndProject
Global
	GlobalSection(SolutionConfigurationPlatforms) = preSolution
		Debug|Any CPU = Debug|Any CPU
		Release|Any CPU = Release|Any CPU
	EndGlobalSection
	GlobalSection(ProjectConfigurationPlatforms) = postSolution
		{91EB4901-2779-4CA2-83A2-4F967C18495E}.Debug|Any CPU.ActiveCfg = Debug|Any CPU
		{91EB4901-2779-4CA2-83A2-4F967C18495E}.Debug|Any CPU.Build.0 = Debug|Any CPU
		{91EB4901-2779-4CA2-83A2-4F967C18495E}.Release|Any CPU.ActiveCfg = Release|Any CPU
		{91EB4901-2779-4CA2-83A2-4F967C18495E}.Release|Any CPU.Build.0 = Release|Any CPU
	EndGlobalSection
	GlobalSection(SolutionProperties) = preSolution
		HideSolutionNode = FALSE
	EndGlobalSection
	GlobalSection(ExtensibilityGlobals) = postSolution
		SolutionGuid = {EFB17DDE-0D8B-4A6A-8030-D9F78C2AE63E}
	EndGlobalSection
EndGlobal
