
Microsoft Visual Studio Solution File, Format Version 12.00
# Visual Studio Version 17
VisualStudioVersion = 17.11.35312.102
MinimumVisualStudioVersion = 10.0.40219.1
Project("{FAE04EC0-301F-11D3-BF4B-00C04F79EFBC}") = "graphs", "graphs.csproj", "{9EEE6621-F951-48B6-BE4B-287DB5883DD7}"
EndProject
Global
	GlobalSection(SolutionConfigurationPlatforms) = preSolution
		Debug|Any CPU = Debug|Any CPU
		Release|Any CPU = Release|Any CPU
	EndGlobalSection
	GlobalSection(ProjectConfigurationPlatforms) = postSolution
		{9EEE6621-F951-48B6-BE4B-287DB5883DD7}.Debug|Any CPU.ActiveCfg = Debug|Any CPU
		{9EEE6621-F951-48B6-BE4B-287DB5883DD7}.Debug|Any CPU.Build.0 = Debug|Any CPU
		{9EEE6621-F951-48B6-BE4B-287DB5883DD7}.Release|Any CPU.ActiveCfg = Release|Any CPU
		{9EEE6621-F951-48B6-BE4B-287DB5883DD7}.Release|Any CPU.Build.0 = Release|Any CPU
	EndGlobalSection
	GlobalSection(SolutionProperties) = preSolution
		HideSolutionNode = FALSE
	EndGlobalSection
	GlobalSection(ExtensibilityGlobals) = postSolution
		SolutionGuid = {FB623D6E-D025-492B-BFD7-F087408719F1}
	EndGlobalSection
EndGlobal
