
Microsoft Visual Studio Solution File, Format Version 12.00
# Visual Studio Version 17
VisualStudioVersion = 17.11.35312.102
MinimumVisualStudioVersion = 10.0.40219.1
Project("{FAE04EC0-301F-11D3-BF4B-00C04F79EFBC}") = "Lab02_archiwum", "Lab02_archiwum\Lab02_archiwum.csproj", "{AC4AB41B-6074-4D82-865D-001379C7B92A}"
EndProject
Global
	GlobalSection(SolutionConfigurationPlatforms) = preSolution
		Debug|Any CPU = Debug|Any CPU
		Release|Any CPU = Release|Any CPU
	EndGlobalSection
	GlobalSection(ProjectConfigurationPlatforms) = postSolution
		{AC4AB41B-6074-4D82-865D-001379C7B92A}.Debug|Any CPU.ActiveCfg = Debug|Any CPU
		{AC4AB41B-6074-4D82-865D-001379C7B92A}.Debug|Any CPU.Build.0 = Debug|Any CPU
		{AC4AB41B-6074-4D82-865D-001379C7B92A}.Release|Any CPU.ActiveCfg = Release|Any CPU
		{AC4AB41B-6074-4D82-865D-001379C7B92A}.Release|Any CPU.Build.0 = Release|Any CPU
	EndGlobalSection
	GlobalSection(SolutionProperties) = preSolution
		HideSolutionNode = FALSE
	EndGlobalSection
	GlobalSection(ExtensibilityGlobals) = postSolution
		SolutionGuid = {7E3902F5-1978-4D2E-8391-05FE5BA62314}
	EndGlobalSection
EndGlobal
